<?xml version="1.0" encoding="utf-8"?>
<Project ToolsVersion="4.0" xmlns="http://schemas.microsoft.com/developer/msbuild/2003">
  <ItemGroup>
    <Filter Include="Source Files">
      <UniqueIdentifier>{4FC737F1-C7A5-4376-A066-2A32D752A2FF}</UniqueIdentifier>
      <Extensions>cpp;c;cc;cxx;def;odl;idl;hpj;bat;asm;asmx</Extensions>
    </Filter>
    <Filter Include="Header Files">
      <UniqueIdentifier>{93995380-89BD-4b04-88EB-625FBE52EBFB}</UniqueIdentifier>
      <Extensions>h;hh;hpp;hxx;hm;inl;inc;xsd</Extensions>
    </Filter>
    <Filter Include="Resource Files">
      <UniqueIdentifier>{67DA6AB6-F800-4c08-8B7A-83BB121AAD01}</UniqueIdentifier>
      <Extensions>rc;ico;cur;bmp;dlg;rc2;rct;bin;rgs;gif;jpg;jpeg;jpe;resx;tiff;tif;png;wav;mfcribbon-ms</Extensions>
    </Filter>
    <Filter Include="Header Files\gme">
      <UniqueIdentifier>{8e40447e-ad8f-4477-91bb-5f8ba6cb9c32}</UniqueIdentifier>
    </Filter>
    <Filter Include="Source Files\gme">
      <UniqueIdentifier>{b57a113b-6565-470e-aeb9-d8e5ac5f0a4c}</UniqueIdentifier>
    </Filter>
    <Filter Include="Header Files\Animations">
      <UniqueIdentifier>{32b75d24-e883-4dba-83e0-c459a4ec08f8}</UniqueIdentifier>
    </Filter>
    <Filter Include="Source Files\Animations">
      <UniqueIdentifier>{4acab4cc-5b69-42ca-b781-09e6c1d466d8}</UniqueIdentifier>
    </Filter>
  </ItemGroup>
  <ItemGroup>
    <ClCompile Include="Startup.cpp">
      <Filter>Source Files</Filter>
    </ClCompile>
    <ClCompile Include="Map.cpp">
      <Filter>Source Files</Filter>
    </ClCompile>
    <ClCompile Include="TileMap.cpp">
      <Filter>Source Files</Filter>
    </ClCompile>
    <ClCompile Include="ResourceCache.cpp">
      <Filter>Source Files</Filter>
    </ClCompile>
    <ClCompile Include="Utils.cpp">
      <Filter>Source Files</Filter>
    </ClCompile>
    <ClCompile Include="Tileset.cpp">
      <Filter>Source Files</Filter>
    </ClCompile>
    <ClCompile Include="Engine.cpp">
      <Filter>Source Files</Filter>
    </ClCompile>
    <ClCompile Include="Scene.cpp">
      <Filter>Source Files</Filter>
    </ClCompile>
    <ClCompile Include="MapScene.cpp">
      <Filter>Source Files</Filter>
    </ClCompile>
    <ClCompile Include="OverworldEntity.cpp">
      <Filter>Source Files</Filter>
    </ClCompile>
    <ClCompile Include="PaletteTexture.cpp">
      <Filter>Source Files</Filter>
    </ClCompile>
    <ClCompile Include="Textbox.cpp">
      <Filter>Source Files</Filter>
    </ClCompile>
    <ClCompile Include="StringConverter.cpp">
      <Filter>Source Files</Filter>
    </ClCompile>
    <ClCompile Include="MenuCache.cpp">
      <Filter>Source Files</Filter>
    </ClCompile>
    <ClCompile Include="TextboxParent.cpp">
      <Filter>Source Files</Filter>
    </ClCompile>
    <ClCompile Include="NPC.cpp">
      <Filter>Source Files</Filter>
    </ClCompile>
    <ClCompile Include="ItemStorage.cpp">
      <Filter>Source Files</Filter>
    </ClCompile>
    <ClCompile Include="Players.cpp">
      <Filter>Source Files</Filter>
    </ClCompile>
    <ClCompile Include="Script.cpp">
      <Filter>Source Files</Filter>
    </ClCompile>
    <ClCompile Include="Pokemon.cpp">
      <Filter>Source Files</Filter>
    </ClCompile>
    <ClCompile Include="PokemonInfo.cpp">
      <Filter>Source Files</Filter>
    </ClCompile>
    <ClCompile Include="Options.cpp">
      <Filter>Source Files</Filter>
    </ClCompile>
    <ClCompile Include="RenderUtils.cpp">
      <Filter>Source Files</Filter>
    </ClCompile>
    <ClCompile Include="ItemActions.cpp">
      <Filter>Source Files</Filter>
    </ClCompile>
    <ClCompile Include="PokemonUtils.cpp">
      <Filter>Source Files</Filter>
    </ClCompile>
    <ClCompile Include="EvolutionScreen.cpp">
      <Filter>Source Files</Filter>
    </ClCompile>
    <ClCompile Include="gme\Ym2612_Emu.cpp">
      <Filter>Source Files\gme</Filter>
    </ClCompile>
    <ClCompile Include="gme\Ay_Apu.cpp">
      <Filter>Source Files\gme</Filter>
    </ClCompile>
    <ClCompile Include="gme\Ay_Cpu.cpp">
      <Filter>Source Files\gme</Filter>
    </ClCompile>
    <ClCompile Include="gme\Ay_Emu.cpp">
      <Filter>Source Files\gme</Filter>
    </ClCompile>
    <ClCompile Include="gme\Blip_Buffer.cpp">
      <Filter>Source Files\gme</Filter>
    </ClCompile>
    <ClCompile Include="gme\Classic_Emu.cpp">
      <Filter>Source Files\gme</Filter>
    </ClCompile>
    <ClCompile Include="gme\Data_Reader.cpp">
      <Filter>Source Files\gme</Filter>
    </ClCompile>
    <ClCompile Include="gme\Dual_Resampler.cpp">
      <Filter>Source Files\gme</Filter>
    </ClCompile>
    <ClCompile Include="gme\Effects_Buffer.cpp">
      <Filter>Source Files\gme</Filter>
    </ClCompile>
    <ClCompile Include="gme\Fir_Resampler.cpp">
      <Filter>Source Files\gme</Filter>
    </ClCompile>
    <ClCompile Include="gme\Gb_Apu.cpp">
      <Filter>Source Files\gme</Filter>
    </ClCompile>
    <ClCompile Include="gme\Gb_Cpu.cpp">
      <Filter>Source Files\gme</Filter>
    </ClCompile>
    <ClCompile Include="gme\Gb_Oscs.cpp">
      <Filter>Source Files\gme</Filter>
    </ClCompile>
    <ClCompile Include="gme\Gbs_Emu.cpp">
      <Filter>Source Files\gme</Filter>
    </ClCompile>
    <ClCompile Include="gme\gme.cpp">
      <Filter>Source Files\gme</Filter>
    </ClCompile>
    <ClCompile Include="gme\Gme_File.cpp">
      <Filter>Source Files\gme</Filter>
    </ClCompile>
    <ClCompile Include="gme\Gym_Emu.cpp">
      <Filter>Source Files\gme</Filter>
    </ClCompile>
    <ClCompile Include="gme\Hes_Apu.cpp">
      <Filter>Source Files\gme</Filter>
    </ClCompile>
    <ClCompile Include="gme\Hes_Cpu.cpp">
      <Filter>Source Files\gme</Filter>
    </ClCompile>
    <ClCompile Include="gme\Hes_Emu.cpp">
      <Filter>Source Files\gme</Filter>
    </ClCompile>
    <ClCompile Include="gme\Kss_Cpu.cpp">
      <Filter>Source Files\gme</Filter>
    </ClCompile>
    <ClCompile Include="gme\Kss_Emu.cpp">
      <Filter>Source Files\gme</Filter>
    </ClCompile>
    <ClCompile Include="gme\Kss_Scc_Apu.cpp">
      <Filter>Source Files\gme</Filter>
    </ClCompile>
    <ClCompile Include="gme\M3u_Playlist.cpp">
      <Filter>Source Files\gme</Filter>
    </ClCompile>
    <ClCompile Include="gme\Multi_Buffer.cpp">
      <Filter>Source Files\gme</Filter>
    </ClCompile>
    <ClCompile Include="gme\Music_Emu.cpp">
      <Filter>Source Files\gme</Filter>
    </ClCompile>
    <ClCompile Include="gme\Nes_Apu.cpp">
      <Filter>Source Files\gme</Filter>
    </ClCompile>
    <ClCompile Include="gme\Nes_Cpu.cpp">
      <Filter>Source Files\gme</Filter>
    </ClCompile>
    <ClCompile Include="gme\Nes_Fme7_Apu.cpp">
      <Filter>Source Files\gme</Filter>
    </ClCompile>
    <ClCompile Include="gme\Nes_Namco_Apu.cpp">
      <Filter>Source Files\gme</Filter>
    </ClCompile>
    <ClCompile Include="gme\Nes_Oscs.cpp">
      <Filter>Source Files\gme</Filter>
    </ClCompile>
    <ClCompile Include="gme\Nes_Vrc6_Apu.cpp">
      <Filter>Source Files\gme</Filter>
    </ClCompile>
    <ClCompile Include="gme\Nsf_Emu.cpp">
      <Filter>Source Files\gme</Filter>
    </ClCompile>
    <ClCompile Include="gme\Nsfe_Emu.cpp">
      <Filter>Source Files\gme</Filter>
    </ClCompile>
    <ClCompile Include="gme\Sap_Apu.cpp">
      <Filter>Source Files\gme</Filter>
    </ClCompile>
    <ClCompile Include="gme\Sap_Cpu.cpp">
      <Filter>Source Files\gme</Filter>
    </ClCompile>
    <ClCompile Include="gme\Sap_Emu.cpp">
      <Filter>Source Files\gme</Filter>
    </ClCompile>
    <ClCompile Include="gme\Sms_Apu.cpp">
      <Filter>Source Files\gme</Filter>
    </ClCompile>
    <ClCompile Include="gme\Snes_Spc.cpp">
      <Filter>Source Files\gme</Filter>
    </ClCompile>
    <ClCompile Include="gme\Spc_Cpu.cpp">
      <Filter>Source Files\gme</Filter>
    </ClCompile>
    <ClCompile Include="gme\Spc_Dsp.cpp">
      <Filter>Source Files\gme</Filter>
    </ClCompile>
    <ClCompile Include="gme\Spc_Emu.cpp">
      <Filter>Source Files\gme</Filter>
    </ClCompile>
    <ClCompile Include="gme\Vgm_Emu.cpp">
      <Filter>Source Files\gme</Filter>
    </ClCompile>
    <ClCompile Include="gme\Vgm_Emu_Impl.cpp">
      <Filter>Source Files\gme</Filter>
    </ClCompile>
    <ClCompile Include="gme\Ym2413_Emu.cpp">
      <Filter>Source Files\gme</Filter>
    </ClCompile>
    <ClCompile Include="SFPlayer.cpp">
      <Filter>Source Files</Filter>
    </ClCompile>
    <ClCompile Include="BattleScene.cpp">
      <Filter>Source Files</Filter>
    </ClCompile>
    <ClCompile Include="Animation.cpp">
      <Filter>Source Files\Animations</Filter>
    </ClCompile>
  </ItemGroup>
  <ItemGroup>
    <ClInclude Include="Map.h">
      <Filter>Header Files</Filter>
    </ClInclude>
    <ClInclude Include="TileMap.h">
      <Filter>Header Files</Filter>
    </ClInclude>
    <ClInclude Include="Utils.h">
      <Filter>Header Files</Filter>
    </ClInclude>
    <ClInclude Include="ResourceCache.h">
      <Filter>Header Files</Filter>
    </ClInclude>
    <ClInclude Include="Common.h">
      <Filter>Header Files</Filter>
    </ClInclude>
    <ClInclude Include="DataBlock.h">
      <Filter>Header Files</Filter>
    </ClInclude>
    <ClInclude Include="MapConnection.h">
      <Filter>Header Files</Filter>
    </ClInclude>
    <ClInclude Include="Tileset.h">
      <Filter>Header Files</Filter>
    </ClInclude>
    <ClInclude Include="Engine.h">
      <Filter>Header Files</Filter>
    </ClInclude>
    <ClInclude Include="Scene.h">
      <Filter>Header Files</Filter>
    </ClInclude>
    <ClInclude Include="MapScene.h">
      <Filter>Header Files</Filter>
    </ClInclude>
    <ClInclude Include="Constants.h">
      <Filter>Header Files</Filter>
    </ClInclude>
    <ClInclude Include="LoopableMusic.h">
      <Filter>Header Files</Filter>
    </ClInclude>
    <ClInclude Include="OverworldEntity.h">
      <Filter>Header Files</Filter>
    </ClInclude>
    <ClInclude Include="PaletteTexture.h">
      <Filter>Header Files</Filter>
    </ClInclude>
    <ClInclude Include="Textbox.h">
      <Filter>Header Files</Filter>
    </ClInclude>
    <ClInclude Include="StringConverter.h">
      <Filter>Header Files</Filter>
    </ClInclude>
    <ClInclude Include="TextItem.h">
      <Filter>Header Files</Filter>
    </ClInclude>
    <ClInclude Include="MenuCache.h">
      <Filter>Header Files</Filter>
    </ClInclude>
    <ClInclude Include="InputController.h">
      <Filter>Header Files</Filter>
    </ClInclude>
    <ClInclude Include="TextboxParent.h">
      <Filter>Header Files</Filter>
    </ClInclude>
    <ClInclude Include="Events.h">
      <Filter>Header Files</Filter>
    </ClInclude>
    <ClInclude Include="Fade.h">
      <Filter>Header Files</Filter>
    </ClInclude>
    <ClInclude Include="NPC.h">
      <Filter>Header Files</Filter>
    </ClInclude>
    <ClInclude Include="ItemStorage.h">
      <Filter>Header Files</Filter>
    </ClInclude>
    <ClInclude Include="PlayerProperties.h">
      <Filter>Header Files</Filter>
    </ClInclude>
    <ClInclude Include="Players.h">
      <Filter>Header Files</Filter>
    </ClInclude>
    <ClInclude Include="Script.h">
      <Filter>Header Files</Filter>
    </ClInclude>
    <ClInclude Include="Variable.h">
      <Filter>Header Files</Filter>
    </ClInclude>
    <ClInclude Include="Opcodes.h">
      <Filter>Header Files</Filter>
    </ClInclude>
    <ClInclude Include="Pokemon.h">
      <Filter>Header Files</Filter>
    </ClInclude>
    <ClInclude Include="PokemonInfo.h">
      <Filter>Header Files</Filter>
    </ClInclude>
    <ClInclude Include="Options.h">
      <Filter>Header Files</Filter>
    </ClInclude>
    <ClInclude Include="RenderUtils.h">
      <Filter>Header Files</Filter>
    </ClInclude>
    <ClInclude Include="Move.h">
      <Filter>Header Files</Filter>
    </ClInclude>
    <ClInclude Include="ItemActions.h">
      <Filter>Header Files</Filter>
    </ClInclude>
    <ClInclude Include="PokemonUtils.h">
      <Filter>Header Files</Filter>
    </ClInclude>
    <ClInclude Include="EvolutionScreen.h">
      <Filter>Header Files</Filter>
    </ClInclude>
    <ClInclude Include="ItemConstants.h">
      <Filter>Header Files</Filter>
    </ClInclude>
    <ClInclude Include="gme\Ay_Apu.h">
      <Filter>Header Files\gme</Filter>
    </ClInclude>
    <ClInclude Include="gme\Ay_Cpu.h">
      <Filter>Header Files\gme</Filter>
    </ClInclude>
    <ClInclude Include="gme\Ay_Emu.h">
      <Filter>Header Files\gme</Filter>
    </ClInclude>
    <ClInclude Include="gme\blargg_common.h">
      <Filter>Header Files\gme</Filter>
    </ClInclude>
    <ClInclude Include="gme\blargg_config.h">
      <Filter>Header Files\gme</Filter>
    </ClInclude>
    <ClInclude Include="gme\blargg_endian.h">
      <Filter>Header Files\gme</Filter>
    </ClInclude>
    <ClInclude Include="gme\blargg_source.h">
      <Filter>Header Files\gme</Filter>
    </ClInclude>
    <ClInclude Include="gme\Blip_Buffer.h">
      <Filter>Header Files\gme</Filter>
    </ClInclude>
    <ClInclude Include="gme\Classic_Emu.h">
      <Filter>Header Files\gme</Filter>
    </ClInclude>
    <ClInclude Include="gme\Data_Reader.h">
      <Filter>Header Files\gme</Filter>
    </ClInclude>
    <ClInclude Include="gme\Dual_Resampler.h">
      <Filter>Header Files\gme</Filter>
    </ClInclude>
    <ClInclude Include="gme\Effects_Buffer.h">
      <Filter>Header Files\gme</Filter>
    </ClInclude>
    <ClInclude Include="gme\Fir_Resampler.h">
      <Filter>Header Files\gme</Filter>
    </ClInclude>
    <ClInclude Include="gme\Gb_Apu.h">
      <Filter>Header Files\gme</Filter>
    </ClInclude>
    <ClInclude Include="gme\Gb_Cpu.h">
      <Filter>Header Files\gme</Filter>
    </ClInclude>
    <ClInclude Include="gme\gb_cpu_io.h">
      <Filter>Header Files\gme</Filter>
    </ClInclude>
    <ClInclude Include="gme\Gb_Oscs.h">
      <Filter>Header Files\gme</Filter>
    </ClInclude>
    <ClInclude Include="gme\Gbs_Emu.h">
      <Filter>Header Files\gme</Filter>
    </ClInclude>
    <ClInclude Include="gme\gme.h">
      <Filter>Header Files\gme</Filter>
    </ClInclude>
    <ClInclude Include="gme\Gme_File.h">
      <Filter>Header Files\gme</Filter>
    </ClInclude>
    <ClInclude Include="gme\Gym_Emu.h">
      <Filter>Header Files\gme</Filter>
    </ClInclude>
    <ClInclude Include="gme\Hes_Apu.h">
      <Filter>Header Files\gme</Filter>
    </ClInclude>
    <ClInclude Include="gme\Hes_Cpu.h">
      <Filter>Header Files\gme</Filter>
    </ClInclude>
    <ClInclude Include="gme\hes_cpu_io.h">
      <Filter>Header Files\gme</Filter>
    </ClInclude>
    <ClInclude Include="gme\Hes_Emu.h">
      <Filter>Header Files\gme</Filter>
    </ClInclude>
    <ClInclude Include="gme\Kss_Cpu.h">
      <Filter>Header Files\gme</Filter>
    </ClInclude>
    <ClInclude Include="gme\Kss_Emu.h">
      <Filter>Header Files\gme</Filter>
    </ClInclude>
    <ClInclude Include="gme\Kss_Scc_Apu.h">
      <Filter>Header Files\gme</Filter>
    </ClInclude>
    <ClInclude Include="gme\M3u_Playlist.h">
      <Filter>Header Files\gme</Filter>
    </ClInclude>
    <ClInclude Include="gme\Multi_Buffer.h">
      <Filter>Header Files\gme</Filter>
    </ClInclude>
    <ClInclude Include="gme\Music_Emu.h">
      <Filter>Header Files\gme</Filter>
    </ClInclude>
    <ClInclude Include="gme\Nes_Apu.h">
      <Filter>Header Files\gme</Filter>
    </ClInclude>
    <ClInclude Include="gme\Nes_Cpu.h">
      <Filter>Header Files\gme</Filter>
    </ClInclude>
    <ClInclude Include="gme\nes_cpu_io.h">
      <Filter>Header Files\gme</Filter>
    </ClInclude>
    <ClInclude Include="gme\Nes_Fme7_Apu.h">
      <Filter>Header Files\gme</Filter>
    </ClInclude>
    <ClInclude Include="gme\Nes_Namco_Apu.h">
      <Filter>Header Files\gme</Filter>
    </ClInclude>
    <ClInclude Include="gme\Nes_Oscs.h">
      <Filter>Header Files\gme</Filter>
    </ClInclude>
    <ClInclude Include="gme\Nes_Vrc6_Apu.h">
      <Filter>Header Files\gme</Filter>
    </ClInclude>
    <ClInclude Include="gme\Nsf_Emu.h">
      <Filter>Header Files\gme</Filter>
    </ClInclude>
    <ClInclude Include="gme\Nsfe_Emu.h">
      <Filter>Header Files\gme</Filter>
    </ClInclude>
    <ClInclude Include="gme\Sap_Apu.h">
      <Filter>Header Files\gme</Filter>
    </ClInclude>
    <ClInclude Include="gme\Sap_Cpu.h">
      <Filter>Header Files\gme</Filter>
    </ClInclude>
    <ClInclude Include="gme\sap_cpu_io.h">
      <Filter>Header Files\gme</Filter>
    </ClInclude>
    <ClInclude Include="gme\Sap_Emu.h">
      <Filter>Header Files\gme</Filter>
    </ClInclude>
    <ClInclude Include="gme\Sms_Apu.h">
      <Filter>Header Files\gme</Filter>
    </ClInclude>
    <ClInclude Include="gme\Sms_Oscs.h">
      <Filter>Header Files\gme</Filter>
    </ClInclude>
    <ClInclude Include="gme\Snes_Spc.h">
      <Filter>Header Files\gme</Filter>
    </ClInclude>
    <ClInclude Include="gme\Spc_Cpu.h">
      <Filter>Header Files\gme</Filter>
    </ClInclude>
    <ClInclude Include="gme\Spc_Dsp.h">
      <Filter>Header Files\gme</Filter>
    </ClInclude>
    <ClInclude Include="gme\Spc_Emu.h">
      <Filter>Header Files\gme</Filter>
    </ClInclude>
    <ClInclude Include="gme\Vgm_Emu.h">
      <Filter>Header Files\gme</Filter>
    </ClInclude>
    <ClInclude Include="gme\Vgm_Emu_Impl.h">
      <Filter>Header Files\gme</Filter>
    </ClInclude>
    <ClInclude Include="gme\Ym2413_Emu.h">
      <Filter>Header Files\gme</Filter>
    </ClInclude>
    <ClInclude Include="gme\Ym2612_Emu.h">
      <Filter>Header Files\gme</Filter>
    </ClInclude>
    <ClInclude Include="AudioConstants.h">
      <Filter>Header Files</Filter>
    </ClInclude>
    <ClInclude Include="SFPlayer.h">
      <Filter>Header Files</Filter>
    </ClInclude>
    <ClInclude Include="BattleScene.h">
      <Filter>Header Files</Filter>
    </ClInclude>
    <ClInclude Include="BattleConstants.h">
      <Filter>Header Files</Filter>
    </ClInclude>
    <ClInclude Include="Animation.h">
      <Filter>Header Files\Animations</Filter>
    </ClInclude>
  </ItemGroup>
</Project>